
Microsoft Visual Studio Solution File, Format Version 12.00
# Visual Studio Version 17
VisualStudioVersion = 17.7.34221.43
MinimumVisualStudioVersion = 10.0.40219.1
Project("{FAE04EC0-301F-11D3-BF4B-00C04F79EFBC}") = "SimpleBlobApp2", "SimpleBlobApp2\SimpleBlobApp2.csproj", "{C0481896-D229-4EAF-B787-01E92ECB5C90}"
EndProject
Global
	GlobalSection(SolutionConfigurationPlatforms) = preSolution
		Debug|Any CPU = Debug|Any CPU
		Release|Any CPU = Release|Any CPU
	EndGlobalSection
	GlobalSection(ProjectConfigurationPlatforms) = postSolution
		{C0481896-D229-4EAF-B787-01E92ECB5C90}.Debug|Any CPU.ActiveCfg = Debug|Any CPU
		{C0481896-D229-4EAF-B787-01E92ECB5C90}.Debug|Any CPU.Build.0 = Debug|Any CPU
		{C0481896-D229-4EAF-B787-01E92ECB5C90}.Release|Any CPU.ActiveCfg = Release|Any CPU
		{C0481896-D229-4EAF-B787-01E92ECB5C90}.Release|Any CPU.Build.0 = Release|Any CPU
	EndGlobalSection
	GlobalSection(SolutionProperties) = preSolution
		HideSolutionNode = FALSE
	EndGlobalSection
	GlobalSection(ExtensibilityGlobals) = postSolution
		SolutionGuid = {E13A91C8-A40D-4BEF-AB50-D37CD62BCEF1}
	EndGlobalSection
EndGlobal
